
Microsoft Visual Studio Solution File, Format Version 12.00
# Visual Studio 15
VisualStudioVersion = 15.0.27004.2005
MinimumVisualStudioVersion = 10.0.40219.1
Project("{FAE04EC0-301F-11D3-BF4B-00C04F79EFBC}") = "WebApplication3", "WebApplication3\WebApplication3.csproj", "{168C6C8A-6C58-43A0-92BB-E178CF1D2393}"
EndProject
Global
	GlobalSection(SolutionConfigurationPlatforms) = preSolution
		Debug|Any CPU = Debug|Any CPU
		Release|Any CPU = Release|Any CPU
	EndGlobalSection
	GlobalSection(ProjectConfigurationPlatforms) = postSolution
		{168C6C8A-6C58-43A0-92BB-E178CF1D2393}.Debug|Any CPU.ActiveCfg = Debug|Any CPU
		{168C6C8A-6C58-43A0-92BB-E178CF1D2393}.Debug|Any CPU.Build.0 = Debug|Any CPU
		{168C6C8A-6C58-43A0-92BB-E178CF1D2393}.Release|Any CPU.ActiveCfg = Release|Any CPU
		{168C6C8A-6C58-43A0-92BB-E178CF1D2393}.Release|Any CPU.Build.0 = Release|Any CPU
	EndGlobalSection
	GlobalSection(SolutionProperties) = preSolution
		HideSolutionNode = FALSE
	EndGlobalSection
	GlobalSection(ExtensibilityGlobals) = postSolution
		SolutionGuid = {7D991497-B0CA-4B36-8F47-4448421FBF4B}
	EndGlobalSection
EndGlobal
